
Microsoft Visual Studio Solution File, Format Version 12.00
# Visual Studio Version 17
VisualStudioVersion = 17.0.31903.59
MinimumVisualStudioVersion = 10.0.40219.1
Project("{2150E333-8FDC-42A3-9474-1A3956D46DE8}") = "src", "src", "{827E0CD3-B72D-47B6-A68D-7590B98EB39B}"
EndProject
Project("{2150E333-8FDC-42A3-9474-1A3956D46DE8}") = "daemon", "daemon", "{4E60E266-6BEC-1F84-CE54-A1205F5EE6D3}"
EndProject
Project("{FAE04EC0-301F-11D3-BF4B-00C04F79EFBC}") = "NKS.WebDevConsole.Daemon", "src\daemon\NKS.WebDevConsole.Daemon\NKS.WebDevConsole.Daemon.csproj", "{3D5D9D12-D0FA-4D83-B584-9E0B73B8BDB2}"
EndProject
Project("{FAE04EC0-301F-11D3-BF4B-00C04F79EFBC}") = "NKS.WebDevConsole.Core", "src\daemon\NKS.WebDevConsole.Core\NKS.WebDevConsole.Core.csproj", "{A215EB04-7512-4369-BCB0-08465094AF18}"
EndProject
Project("{FAE04EC0-301F-11D3-BF4B-00C04F79EFBC}") = "NKS.WebDevConsole.Plugin.SDK", "src\daemon\NKS.WebDevConsole.Plugin.SDK\NKS.WebDevConsole.Plugin.SDK.csproj", "{0423AF35-A12F-4BE6-8CB9-5F99DE646C17}"
EndProject
Project("{FAE04EC0-301F-11D3-BF4B-00C04F79EFBC}") = "NKS.WebDevConsole.Cli", "src\daemon\NKS.WebDevConsole.Cli\NKS.WebDevConsole.Cli.csproj", "{9317C9CE-61B8-4171-AEE6-D136A2F2C4AD}"
EndProject
Project("{FAE04EC0-301F-11D3-BF4B-00C04F79EFBC}") = "NKS.WebDevConsole.Plugin.Apache", "src\plugins\NKS.WebDevConsole.Plugin.Apache\NKS.WebDevConsole.Plugin.Apache.csproj", "{2407FF93-D901-4F2C-BDC1-556CDA5F4B28}"
EndProject
Project("{FAE04EC0-301F-11D3-BF4B-00C04F79EFBC}") = "NKS.WebDevConsole.Plugin.PHP", "src\plugins\NKS.WebDevConsole.Plugin.PHP\NKS.WebDevConsole.Plugin.PHP.csproj", "{64DA26EF-DAB5-47D2-BBA5-809FC16367E3}"
EndProject
Project("{FAE04EC0-301F-11D3-BF4B-00C04F79EFBC}") = "NKS.WebDevConsole.Core.Tests", "tests\NKS.WebDevConsole.Core.Tests\NKS.WebDevConsole.Core.Tests.csproj", "{E0B3DE0E-30EC-4B43-BABD-3980AD409900}"
EndProject
Project("{FAE04EC0-301F-11D3-BF4B-00C04F79EFBC}") = "NKS.WebDevConsole.Daemon.Tests", "tests\NKS.WebDevConsole.Daemon.Tests\NKS.WebDevConsole.Daemon.Tests.csproj", "{BE681049-6CB2-458A-B212-0E26BFF7C2E8}"
EndProject
Project("{2150E333-8FDC-42A3-9474-1A3956D46DE8}") = "plugins", "plugins", "{58D3A2C3-F96F-5E57-2C6B-ECE59D6A18FC}"
EndProject
Project("{FAE04EC0-301F-11D3-BF4B-00C04F79EFBC}") = "NKS.WebDevConsole.Plugin.MySQL", "src\plugins\NKS.WebDevConsole.Plugin.MySQL\NKS.WebDevConsole.Plugin.MySQL.csproj", "{7284C210-5067-4A39-AB86-474E74E6994D}"
EndProject
Project("{FAE04EC0-301F-11D3-BF4B-00C04F79EFBC}") = "NKS.WebDevConsole.Plugin.Hosts", "src\plugins\NKS.WebDevConsole.Plugin.Hosts\NKS.WebDevConsole.Plugin.Hosts.csproj", "{6B963BAB-886D-426B-AEF1-0A12B24B0925}"
EndProject
Project("{FAE04EC0-301F-11D3-BF4B-00C04F79EFBC}") = "NKS.WebDevConsole.Plugin.SSL", "src\plugins\NKS.WebDevConsole.Plugin.SSL\NKS.WebDevConsole.Plugin.SSL.csproj", "{9882C567-3786-4F3F-A6CA-ADB7020C4AD9}"
EndProject
Project("{FAE04EC0-301F-11D3-BF4B-00C04F79EFBC}") = "NKS.WebDevConsole.Plugin.Redis", "src\plugins\NKS.WebDevConsole.Plugin.Redis\NKS.WebDevConsole.Plugin.Redis.csproj", "{BE643C5F-89D6-4E57-AC28-525D33E278AE}"
EndProject
Project("{FAE04EC0-301F-11D3-BF4B-00C04F79EFBC}") = "NKS.WebDevConsole.Plugin.Mailpit", "src\plugins\NKS.WebDevConsole.Plugin.Mailpit\NKS.WebDevConsole.Plugin.Mailpit.csproj", "{9ADFCC30-1A7F-497B-8E0A-65A8299DEAD1}"
EndProject
Project("{FAE04EC0-301F-11D3-BF4B-00C04F79EFBC}") = "NKS.WebDevConsole.Plugin.Caddy", "src\plugins\NKS.WebDevConsole.Plugin.Caddy\NKS.WebDevConsole.Plugin.Caddy.csproj", "{F137525C-2CFE-477B-85F9-266A8A6FF5BF}"
EndProject
Project("{FAE04EC0-301F-11D3-BF4B-00C04F79EFBC}") = "NKS.WebDevConsole.Plugin.Cloudflare", "src\plugins\NKS.WebDevConsole.Plugin.Cloudflare\NKS.WebDevConsole.Plugin.Cloudflare.csproj", "{DB44A4E5-1850-4304-A103-00263CB62E16}"
EndProject
Global
	GlobalSection(SolutionConfigurationPlatforms) = preSolution
		Debug|Any CPU = Debug|Any CPU
		Debug|x64 = Debug|x64
		Debug|x86 = Debug|x86
		Release|Any CPU = Release|Any CPU
		Release|x64 = Release|x64
		Release|x86 = Release|x86
	EndGlobalSection
	GlobalSection(ProjectConfigurationPlatforms) = postSolution
		{3D5D9D12-D0FA-4D83-B584-9E0B73B8BDB2}.Debug|Any CPU.ActiveCfg = Debug|Any CPU
		{3D5D9D12-D0FA-4D83-B584-9E0B73B8BDB2}.Debug|Any CPU.Build.0 = Debug|Any CPU
		{3D5D9D12-D0FA-4D83-B584-9E0B73B8BDB2}.Debug|x64.ActiveCfg = Debug|Any CPU
		{3D5D9D12-D0FA-4D83-B584-9E0B73B8BDB2}.Debug|x64.Build.0 = Debug|Any CPU
		{3D5D9D12-D0FA-4D83-B584-9E0B73B8BDB2}.Debug|x86.ActiveCfg = Debug|Any CPU
		{3D5D9D12-D0FA-4D83-B584-9E0B73B8BDB2}.Debug|x86.Build.0 = Debug|Any CPU
		{3D5D9D12-D0FA-4D83-B584-9E0B73B8BDB2}.Release|Any CPU.ActiveCfg = Release|Any CPU
		{3D5D9D12-D0FA-4D83-B584-9E0B73B8BDB2}.Release|Any CPU.Build.0 = Release|Any CPU
		{3D5D9D12-D0FA-4D83-B584-9E0B73B8BDB2}.Release|x64.ActiveCfg = Release|Any CPU
		{3D5D9D12-D0FA-4D83-B584-9E0B73B8BDB2}.Release|x64.Build.0 = Release|Any CPU
		{3D5D9D12-D0FA-4D83-B584-9E0B73B8BDB2}.Release|x86.ActiveCfg = Release|Any CPU
		{3D5D9D12-D0FA-4D83-B584-9E0B73B8BDB2}.Release|x86.Build.0 = Release|Any CPU
		{A215EB04-7512-4369-BCB0-08465094AF18}.Debug|Any CPU.ActiveCfg = Debug|Any CPU
		{A215EB04-7512-4369-BCB0-08465094AF18}.Debug|Any CPU.Build.0 = Debug|Any CPU
		{A215EB04-7512-4369-BCB0-08465094AF18}.Debug|x64.ActiveCfg = Debug|Any CPU
		{A215EB04-7512-4369-BCB0-08465094AF18}.Debug|x64.Build.0 = Debug|Any CPU
		{A215EB04-7512-4369-BCB0-08465094AF18}.Debug|x86.ActiveCfg = Debug|Any CPU
		{A215EB04-7512-4369-BCB0-08465094AF18}.Debug|x86.Build.0 = Debug|Any CPU
		{A215EB04-7512-4369-BCB0-08465094AF18}.Release|Any CPU.ActiveCfg = Release|Any CPU
		{A215EB04-7512-4369-BCB0-08465094AF18}.Release|Any CPU.Build.0 = Release|Any CPU
		{A215EB04-7512-4369-BCB0-08465094AF18}.Release|x64.ActiveCfg = Release|Any CPU
		{A215EB04-7512-4369-BCB0-08465094AF18}.Release|x64.Build.0 = Release|Any CPU
		{A215EB04-7512-4369-BCB0-08465094AF18}.Release|x86.ActiveCfg = Release|Any CPU
		{A215EB04-7512-4369-BCB0-08465094AF18}.Release|x86.Build.0 = Release|Any CPU
		{0423AF35-A12F-4BE6-8CB9-5F99DE646C17}.Debug|Any CPU.ActiveCfg = Debug|Any CPU
		{0423AF35-A12F-4BE6-8CB9-5F99DE646C17}.Debug|Any CPU.Build.0 = Debug|Any CPU
		{0423AF35-A12F-4BE6-8CB9-5F99DE646C17}.Debug|x64.ActiveCfg = Debug|Any CPU
		{0423AF35-A12F-4BE6-8CB9-5F99DE646C17}.Debug|x64.Build.0 = Debug|Any CPU
		{0423AF35-A12F-4BE6-8CB9-5F99DE646C17}.Debug|x86.ActiveCfg = Debug|Any CPU
		{0423AF35-A12F-4BE6-8CB9-5F99DE646C17}.Debug|x86.Build.0 = Debug|Any CPU
		{0423AF35-A12F-4BE6-8CB9-5F99DE646C17}.Release|Any CPU.ActiveCfg = Release|Any CPU
		{0423AF35-A12F-4BE6-8CB9-5F99DE646C17}.Release|Any CPU.Build.0 = Release|Any CPU
		{0423AF35-A12F-4BE6-8CB9-5F99DE646C17}.Release|x64.ActiveCfg = Release|Any CPU
		{0423AF35-A12F-4BE6-8CB9-5F99DE646C17}.Release|x64.Build.0 = Release|Any CPU
		{0423AF35-A12F-4BE6-8CB9-5F99DE646C17}.Release|x86.ActiveCfg = Release|Any CPU
		{0423AF35-A12F-4BE6-8CB9-5F99DE646C17}.Release|x86.Build.0 = Release|Any CPU
		{9317C9CE-61B8-4171-AEE6-D136A2F2C4AD}.Debug|Any CPU.ActiveCfg = Debug|Any CPU
		{9317C9CE-61B8-4171-AEE6-D136A2F2C4AD}.Debug|Any CPU.Build.0 = Debug|Any CPU
		{9317C9CE-61B8-4171-AEE6-D136A2F2C4AD}.Debug|x64.ActiveCfg = Debug|Any CPU
		{9317C9CE-61B8-4171-AEE6-D136A2F2C4AD}.Debug|x64.Build.0 = Debug|Any CPU
		{9317C9CE-61B8-4171-AEE6-D136A2F2C4AD}.Debug|x86.ActiveCfg = Debug|Any CPU
		{9317C9CE-61B8-4171-AEE6-D136A2F2C4AD}.Debug|x86.Build.0 = Debug|Any CPU
		{9317C9CE-61B8-4171-AEE6-D136A2F2C4AD}.Release|Any CPU.ActiveCfg = Release|Any CPU
		{9317C9CE-61B8-4171-AEE6-D136A2F2C4AD}.Release|Any CPU.Build.0 = Release|Any CPU
		{9317C9CE-61B8-4171-AEE6-D136A2F2C4AD}.Release|x64.ActiveCfg = Release|Any CPU
		{9317C9CE-61B8-4171-AEE6-D136A2F2C4AD}.Release|x64.Build.0 = Release|Any CPU
		{9317C9CE-61B8-4171-AEE6-D136A2F2C4AD}.Release|x86.ActiveCfg = Release|Any CPU
		{9317C9CE-61B8-4171-AEE6-D136A2F2C4AD}.Release|x86.Build.0 = Release|Any CPU
		{2407FF93-D901-4F2C-BDC1-556CDA5F4B28}.Debug|Any CPU.ActiveCfg = Debug|Any CPU
		{2407FF93-D901-4F2C-BDC1-556CDA5F4B28}.Debug|Any CPU.Build.0 = Debug|Any CPU
		{2407FF93-D901-4F2C-BDC1-556CDA5F4B28}.Debug|x64.ActiveCfg = Debug|Any CPU
		{2407FF93-D901-4F2C-BDC1-556CDA5F4B28}.Debug|x64.Build.0 = Debug|Any CPU
		{2407FF93-D901-4F2C-BDC1-556CDA5F4B28}.Debug|x86.ActiveCfg = Debug|Any CPU
		{2407FF93-D901-4F2C-BDC1-556CDA5F4B28}.Debug|x86.Build.0 = Debug|Any CPU
		{2407FF93-D901-4F2C-BDC1-556CDA5F4B28}.Release|Any CPU.ActiveCfg = Release|Any CPU
		{2407FF93-D901-4F2C-BDC1-556CDA5F4B28}.Release|Any CPU.Build.0 = Release|Any CPU
		{2407FF93-D901-4F2C-BDC1-556CDA5F4B28}.Release|x64.ActiveCfg = Release|Any CPU
		{2407FF93-D901-4F2C-BDC1-556CDA5F4B28}.Release|x64.Build.0 = Release|Any CPU
		{2407FF93-D901-4F2C-BDC1-556CDA5F4B28}.Release|x86.ActiveCfg = Release|Any CPU
		{2407FF93-D901-4F2C-BDC1-556CDA5F4B28}.Release|x86.Build.0 = Release|Any CPU
		{64DA26EF-DAB5-47D2-BBA5-809FC16367E3}.Debug|Any CPU.ActiveCfg = Debug|Any CPU
		{64DA26EF-DAB5-47D2-BBA5-809FC16367E3}.Debug|Any CPU.Build.0 = Debug|Any CPU
		{64DA26EF-DAB5-47D2-BBA5-809FC16367E3}.Debug|x64.ActiveCfg = Debug|Any CPU
		{64DA26EF-DAB5-47D2-BBA5-809FC16367E3}.Debug|x64.Build.0 = Debug|Any CPU
		{64DA26EF-DAB5-47D2-BBA5-809FC16367E3}.Debug|x86.ActiveCfg = Debug|Any CPU
		{64DA26EF-DAB5-47D2-BBA5-809FC16367E3}.Debug|x86.Build.0 = Debug|Any CPU
		{64DA26EF-DAB5-47D2-BBA5-809FC16367E3}.Release|Any CPU.ActiveCfg = Release|Any CPU
		{64DA26EF-DAB5-47D2-BBA5-809FC16367E3}.Release|Any CPU.Build.0 = Release|Any CPU
		{64DA26EF-DAB5-47D2-BBA5-809FC16367E3}.Release|x64.ActiveCfg = Release|Any CPU
		{64DA26EF-DAB5-47D2-BBA5-809FC16367E3}.Release|x64.Build.0 = Release|Any CPU
		{64DA26EF-DAB5-47D2-BBA5-809FC16367E3}.Release|x86.ActiveCfg = Release|Any CPU
		{64DA26EF-DAB5-47D2-BBA5-809FC16367E3}.Release|x86.Build.0 = Release|Any CPU
		{E0B3DE0E-30EC-4B43-BABD-3980AD409900}.Debug|Any CPU.ActiveCfg = Debug|Any CPU
		{E0B3DE0E-30EC-4B43-BABD-3980AD409900}.Debug|Any CPU.Build.0 = Debug|Any CPU
		{E0B3DE0E-30EC-4B43-BABD-3980AD409900}.Debug|x64.ActiveCfg = Debug|Any CPU
		{E0B3DE0E-30EC-4B43-BABD-3980AD409900}.Debug|x64.Build.0 = Debug|Any CPU
		{E0B3DE0E-30EC-4B43-BABD-3980AD409900}.Debug|x86.ActiveCfg = Debug|Any CPU
		{E0B3DE0E-30EC-4B43-BABD-3980AD409900}.Debug|x86.Build.0 = Debug|Any CPU
		{E0B3DE0E-30EC-4B43-BABD-3980AD409900}.Release|Any CPU.ActiveCfg = Release|Any CPU
		{E0B3DE0E-30EC-4B43-BABD-3980AD409900}.Release|Any CPU.Build.0 = Release|Any CPU
		{E0B3DE0E-30EC-4B43-BABD-3980AD409900}.Release|x64.ActiveCfg = Release|Any CPU
		{E0B3DE0E-30EC-4B43-BABD-3980AD409900}.Release|x64.Build.0 = Release|Any CPU
		{E0B3DE0E-30EC-4B43-BABD-3980AD409900}.Release|x86.ActiveCfg = Release|Any CPU
		{E0B3DE0E-30EC-4B43-BABD-3980AD409900}.Release|x86.Build.0 = Release|Any CPU
		{BE681049-6CB2-458A-B212-0E26BFF7C2E8}.Debug|Any CPU.ActiveCfg = Debug|Any CPU
		{BE681049-6CB2-458A-B212-0E26BFF7C2E8}.Debug|Any CPU.Build.0 = Debug|Any CPU
		{BE681049-6CB2-458A-B212-0E26BFF7C2E8}.Debug|x64.ActiveCfg = Debug|Any CPU
		{BE681049-6CB2-458A-B212-0E26BFF7C2E8}.Debug|x64.Build.0 = Debug|Any CPU
		{BE681049-6CB2-458A-B212-0E26BFF7C2E8}.Debug|x86.ActiveCfg = Debug|Any CPU
		{BE681049-6CB2-458A-B212-0E26BFF7C2E8}.Debug|x86.Build.0 = Debug|Any CPU
		{BE681049-6CB2-458A-B212-0E26BFF7C2E8}.Release|Any CPU.ActiveCfg = Release|Any CPU
		{BE681049-6CB2-458A-B212-0E26BFF7C2E8}.Release|Any CPU.Build.0 = Release|Any CPU
		{BE681049-6CB2-458A-B212-0E26BFF7C2E8}.Release|x64.ActiveCfg = Release|Any CPU
		{BE681049-6CB2-458A-B212-0E26BFF7C2E8}.Release|x64.Build.0 = Release|Any CPU
		{BE681049-6CB2-458A-B212-0E26BFF7C2E8}.Release|x86.ActiveCfg = Release|Any CPU
		{BE681049-6CB2-458A-B212-0E26BFF7C2E8}.Release|x86.Build.0 = Release|Any CPU
		{7284C210-5067-4A39-AB86-474E74E6994D}.Debug|Any CPU.ActiveCfg = Debug|Any CPU
		{7284C210-5067-4A39-AB86-474E74E6994D}.Debug|Any CPU.Build.0 = Debug|Any CPU
		{7284C210-5067-4A39-AB86-474E74E6994D}.Debug|x64.ActiveCfg = Debug|Any CPU
		{7284C210-5067-4A39-AB86-474E74E6994D}.Debug|x64.Build.0 = Debug|Any CPU
		{7284C210-5067-4A39-AB86-474E74E6994D}.Debug|x86.ActiveCfg = Debug|Any CPU
		{7284C210-5067-4A39-AB86-474E74E6994D}.Debug|x86.Build.0 = Debug|Any CPU
		{7284C210-5067-4A39-AB86-474E74E6994D}.Release|Any CPU.ActiveCfg = Release|Any CPU
		{7284C210-5067-4A39-AB86-474E74E6994D}.Release|Any CPU.Build.0 = Release|Any CPU
		{7284C210-5067-4A39-AB86-474E74E6994D}.Release|x64.ActiveCfg = Release|Any CPU
		{7284C210-5067-4A39-AB86-474E74E6994D}.Release|x64.Build.0 = Release|Any CPU
		{7284C210-5067-4A39-AB86-474E74E6994D}.Release|x86.ActiveCfg = Release|Any CPU
		{7284C210-5067-4A39-AB86-474E74E6994D}.Release|x86.Build.0 = Release|Any CPU
		{6B963BAB-886D-426B-AEF1-0A12B24B0925}.Debug|Any CPU.ActiveCfg = Debug|Any CPU
		{6B963BAB-886D-426B-AEF1-0A12B24B0925}.Debug|Any CPU.Build.0 = Debug|Any CPU
		{6B963BAB-886D-426B-AEF1-0A12B24B0925}.Debug|x64.ActiveCfg = Debug|Any CPU
		{6B963BAB-886D-426B-AEF1-0A12B24B0925}.Debug|x64.Build.0 = Debug|Any CPU
		{6B963BAB-886D-426B-AEF1-0A12B24B0925}.Debug|x86.ActiveCfg = Debug|Any CPU
		{6B963BAB-886D-426B-AEF1-0A12B24B0925}.Debug|x86.Build.0 = Debug|Any CPU
		{6B963BAB-886D-426B-AEF1-0A12B24B0925}.Release|Any CPU.ActiveCfg = Release|Any CPU
		{6B963BAB-886D-426B-AEF1-0A12B24B0925}.Release|Any CPU.Build.0 = Release|Any CPU
		{6B963BAB-886D-426B-AEF1-0A12B24B0925}.Release|x64.ActiveCfg = Release|Any CPU
		{6B963BAB-886D-426B-AEF1-0A12B24B0925}.Release|x64.Build.0 = Release|Any CPU
		{6B963BAB-886D-426B-AEF1-0A12B24B0925}.Release|x86.ActiveCfg = Release|Any CPU
		{6B963BAB-886D-426B-AEF1-0A12B24B0925}.Release|x86.Build.0 = Release|Any CPU
		{9882C567-3786-4F3F-A6CA-ADB7020C4AD9}.Debug|Any CPU.ActiveCfg = Debug|Any CPU
		{9882C567-3786-4F3F-A6CA-ADB7020C4AD9}.Debug|Any CPU.Build.0 = Debug|Any CPU
		{9882C567-3786-4F3F-A6CA-ADB7020C4AD9}.Debug|x64.ActiveCfg = Debug|Any CPU
		{9882C567-3786-4F3F-A6CA-ADB7020C4AD9}.Debug|x64.Build.0 = Debug|Any CPU
		{9882C567-3786-4F3F-A6CA-ADB7020C4AD9}.Debug|x86.ActiveCfg = Debug|Any CPU
		{9882C567-3786-4F3F-A6CA-ADB7020C4AD9}.Debug|x86.Build.0 = Debug|Any CPU
		{9882C567-3786-4F3F-A6CA-ADB7020C4AD9}.Release|Any CPU.ActiveCfg = Release|Any CPU
		{9882C567-3786-4F3F-A6CA-ADB7020C4AD9}.Release|Any CPU.Build.0 = Release|Any CPU
		{9882C567-3786-4F3F-A6CA-ADB7020C4AD9}.Release|x64.ActiveCfg = Release|Any CPU
		{9882C567-3786-4F3F-A6CA-ADB7020C4AD9}.Release|x64.Build.0 = Release|Any CPU
		{9882C567-3786-4F3F-A6CA-ADB7020C4AD9}.Release|x86.ActiveCfg = Release|Any CPU
		{9882C567-3786-4F3F-A6CA-ADB7020C4AD9}.Release|x86.Build.0 = Release|Any CPU
		{BE643C5F-89D6-4E57-AC28-525D33E278AE}.Debug|Any CPU.ActiveCfg = Debug|Any CPU
		{BE643C5F-89D6-4E57-AC28-525D33E278AE}.Debug|Any CPU.Build.0 = Debug|Any CPU
		{BE643C5F-89D6-4E57-AC28-525D33E278AE}.Debug|x64.ActiveCfg = Debug|Any CPU
		{BE643C5F-89D6-4E57-AC28-525D33E278AE}.Debug|x64.Build.0 = Debug|Any CPU
		{BE643C5F-89D6-4E57-AC28-525D33E278AE}.Debug|x86.ActiveCfg = Debug|Any CPU
		{BE643C5F-89D6-4E57-AC28-525D33E278AE}.Debug|x86.Build.0 = Debug|Any CPU
		{BE643C5F-89D6-4E57-AC28-525D33E278AE}.Release|Any CPU.ActiveCfg = Release|Any CPU
		{BE643C5F-89D6-4E57-AC28-525D33E278AE}.Release|Any CPU.Build.0 = Release|Any CPU
		{BE643C5F-89D6-4E57-AC28-525D33E278AE}.Release|x64.ActiveCfg = Release|Any CPU
		{BE643C5F-89D6-4E57-AC28-525D33E278AE}.Release|x64.Build.0 = Release|Any CPU
		{BE643C5F-89D6-4E57-AC28-525D33E278AE}.Release|x86.ActiveCfg = Release|Any CPU
		{BE643C5F-89D6-4E57-AC28-525D33E278AE}.Release|x86.Build.0 = Release|Any CPU
		{9ADFCC30-1A7F-497B-8E0A-65A8299DEAD1}.Debug|Any CPU.ActiveCfg = Debug|Any CPU
		{9ADFCC30-1A7F-497B-8E0A-65A8299DEAD1}.Debug|Any CPU.Build.0 = Debug|Any CPU
		{9ADFCC30-1A7F-497B-8E0A-65A8299DEAD1}.Debug|x64.ActiveCfg = Debug|Any CPU
		{9ADFCC30-1A7F-497B-8E0A-65A8299DEAD1}.Debug|x64.Build.0 = Debug|Any CPU
		{9ADFCC30-1A7F-497B-8E0A-65A8299DEAD1}.Debug|x86.ActiveCfg = Debug|Any CPU
		{9ADFCC30-1A7F-497B-8E0A-65A8299DEAD1}.Debug|x86.Build.0 = Debug|Any CPU
		{9ADFCC30-1A7F-497B-8E0A-65A8299DEAD1}.Release|Any CPU.ActiveCfg = Release|Any CPU
		{9ADFCC30-1A7F-497B-8E0A-65A8299DEAD1}.Release|Any CPU.Build.0 = Release|Any CPU
		{9ADFCC30-1A7F-497B-8E0A-65A8299DEAD1}.Release|x64.ActiveCfg = Release|Any CPU
		{9ADFCC30-1A7F-497B-8E0A-65A8299DEAD1}.Release|x64.Build.0 = Release|Any CPU
		{9ADFCC30-1A7F-497B-8E0A-65A8299DEAD1}.Release|x86.ActiveCfg = Release|Any CPU
		{9ADFCC30-1A7F-497B-8E0A-65A8299DEAD1}.Release|x86.Build.0 = Release|Any CPU
		{F137525C-2CFE-477B-85F9-266A8A6FF5BF}.Debug|Any CPU.ActiveCfg = Debug|Any CPU
		{F137525C-2CFE-477B-85F9-266A8A6FF5BF}.Debug|Any CPU.Build.0 = Debug|Any CPU
		{F137525C-2CFE-477B-85F9-266A8A6FF5BF}.Debug|x64.ActiveCfg = Debug|Any CPU
		{F137525C-2CFE-477B-85F9-266A8A6FF5BF}.Debug|x64.Build.0 = Debug|Any CPU
		{F137525C-2CFE-477B-85F9-266A8A6FF5BF}.Debug|x86.ActiveCfg = Debug|Any CPU
		{F137525C-2CFE-477B-85F9-266A8A6FF5BF}.Debug|x86.Build.0 = Debug|Any CPU
		{F137525C-2CFE-477B-85F9-266A8A6FF5BF}.Release|Any CPU.ActiveCfg = Release|Any CPU
		{F137525C-2CFE-477B-85F9-266A8A6FF5BF}.Release|Any CPU.Build.0 = Release|Any CPU
		{F137525C-2CFE-477B-85F9-266A8A6FF5BF}.Release|x64.ActiveCfg = Release|Any CPU
		{F137525C-2CFE-477B-85F9-266A8A6FF5BF}.Release|x64.Build.0 = Release|Any CPU
		{F137525C-2CFE-477B-85F9-266A8A6FF5BF}.Release|x86.ActiveCfg = Release|Any CPU
		{F137525C-2CFE-477B-85F9-266A8A6FF5BF}.Release|x86.Build.0 = Release|Any CPU
		{DB44A4E5-1850-4304-A103-00263CB62E16}.Debug|Any CPU.ActiveCfg = Debug|Any CPU
		{DB44A4E5-1850-4304-A103-00263CB62E16}.Debug|Any CPU.Build.0 = Debug|Any CPU
		{DB44A4E5-1850-4304-A103-00263CB62E16}.Debug|x64.ActiveCfg = Debug|Any CPU
		{DB44A4E5-1850-4304-A103-00263CB62E16}.Debug|x64.Build.0 = Debug|Any CPU
		{DB44A4E5-1850-4304-A103-00263CB62E16}.Debug|x86.ActiveCfg = Debug|Any CPU
		{DB44A4E5-1850-4304-A103-00263CB62E16}.Debug|x86.Build.0 = Debug|Any CPU
		{DB44A4E5-1850-4304-A103-00263CB62E16}.Release|Any CPU.ActiveCfg = Release|Any CPU
		{DB44A4E5-1850-4304-A103-00263CB62E16}.Release|Any CPU.Build.0 = Release|Any CPU
		{DB44A4E5-1850-4304-A103-00263CB62E16}.Release|x64.ActiveCfg = Release|Any CPU
		{DB44A4E5-1850-4304-A103-00263CB62E16}.Release|x64.Build.0 = Release|Any CPU
		{DB44A4E5-1850-4304-A103-00263CB62E16}.Release|x86.ActiveCfg = Release|Any CPU
		{DB44A4E5-1850-4304-A103-00263CB62E16}.Release|x86.Build.0 = Release|Any CPU
	EndGlobalSection
	GlobalSection(SolutionProperties) = preSolution
		HideSolutionNode = FALSE
	EndGlobalSection
	GlobalSection(NestedProjects) = preSolution
		{4E60E266-6BEC-1F84-CE54-A1205F5EE6D3} = {827E0CD3-B72D-47B6-A68D-7590B98EB39B}
		{3D5D9D12-D0FA-4D83-B584-9E0B73B8BDB2} = {4E60E266-6BEC-1F84-CE54-A1205F5EE6D3}
		{A215EB04-7512-4369-BCB0-08465094AF18} = {4E60E266-6BEC-1F84-CE54-A1205F5EE6D3}
		{0423AF35-A12F-4BE6-8CB9-5F99DE646C17} = {4E60E266-6BEC-1F84-CE54-A1205F5EE6D3}
		{9317C9CE-61B8-4171-AEE6-D136A2F2C4AD} = {4E60E266-6BEC-1F84-CE54-A1205F5EE6D3}
		{2407FF93-D901-4F2C-BDC1-556CDA5F4B28} = {4E60E266-6BEC-1F84-CE54-A1205F5EE6D3}
		{64DA26EF-DAB5-47D2-BBA5-809FC16367E3} = {4E60E266-6BEC-1F84-CE54-A1205F5EE6D3}
		{E0B3DE0E-30EC-4B43-BABD-3980AD409900} = {4E60E266-6BEC-1F84-CE54-A1205F5EE6D3}
		{BE681049-6CB2-458A-B212-0E26BFF7C2E8} = {4E60E266-6BEC-1F84-CE54-A1205F5EE6D3}
		{58D3A2C3-F96F-5E57-2C6B-ECE59D6A18FC} = {827E0CD3-B72D-47B6-A68D-7590B98EB39B}
		{7284C210-5067-4A39-AB86-474E74E6994D} = {58D3A2C3-F96F-5E57-2C6B-ECE59D6A18FC}
		{6B963BAB-886D-426B-AEF1-0A12B24B0925} = {58D3A2C3-F96F-5E57-2C6B-ECE59D6A18FC}
		{9882C567-3786-4F3F-A6CA-ADB7020C4AD9} = {58D3A2C3-F96F-5E57-2C6B-ECE59D6A18FC}
		{BE643C5F-89D6-4E57-AC28-525D33E278AE} = {58D3A2C3-F96F-5E57-2C6B-ECE59D6A18FC}
		{9ADFCC30-1A7F-497B-8E0A-65A8299DEAD1} = {58D3A2C3-F96F-5E57-2C6B-ECE59D6A18FC}
		{F137525C-2CFE-477B-85F9-266A8A6FF5BF} = {58D3A2C3-F96F-5E57-2C6B-ECE59D6A18FC}
		{DB44A4E5-1850-4304-A103-00263CB62E16} = {58D3A2C3-F96F-5E57-2C6B-ECE59D6A18FC}
	EndGlobalSection
EndGlobal
